
Microsoft Visual Studio Solution File, Format Version 12.00
# Visual Studio Version 16
VisualStudioVersion = 16.0.29306.81
MinimumVisualStudioVersion = 10.0.40219.1
Project("{FAE04EC0-301F-11D3-BF4B-00C04F79EFBC}") = "FirstLaba", "FirstLaba\FirstLaba.csproj", "{CE03ECD6-B503-41F5-A376-DC46D8A08348}"
EndProject
Global
	GlobalSection(SolutionConfigurationPlatforms) = preSolution
		Debug|Any CPU = Debug|Any CPU
		Release|Any CPU = Release|Any CPU
	EndGlobalSection
	GlobalSection(ProjectConfigurationPlatforms) = postSolution
		{CE03ECD6-B503-41F5-A376-DC46D8A08348}.Debug|Any CPU.ActiveCfg = Debug|Any CPU
		{CE03ECD6-B503-41F5-A376-DC46D8A08348}.Debug|Any CPU.Build.0 = Debug|Any CPU
		{CE03ECD6-B503-41F5-A376-DC46D8A08348}.Release|Any CPU.ActiveCfg = Release|Any CPU
		{CE03ECD6-B503-41F5-A376-DC46D8A08348}.Release|Any CPU.Build.0 = Release|Any CPU
	EndGlobalSection
	GlobalSection(SolutionProperties) = preSolution
		HideSolutionNode = FALSE
	EndGlobalSection
	GlobalSection(ExtensibilityGlobals) = postSolution
		SolutionGuid = {1A2D4A6F-9D17-4CDA-9306-2B6F9819A749}
	EndGlobalSection
EndGlobal
